PODS:
  - GoogleMaps (7.4.0):
    - GoogleMaps/Maps (= 7.4.0)
  - GoogleMaps/Base (7.4.0)
  - GoogleMaps/Maps (7.4.0):
    - GoogleMaps/Base
  - MapboxCommon (23.6.0)
  - MapboxCoreMaps (10.14.0):
    - MapboxCommon (~> 23.6)
  - MapboxDirections (2.10.0):
    - Polyline (~> 5.0)
    - Turf (~> 2.6.1)
  - MapboxMaps (10.14.0):
    - MapboxCommon (= 23.6.0)
    - MapboxCoreMaps (= 10.14.0)
    - MapboxMobileEvents (= 1.0.10)
    - Turf (~> 2.0)
  - MapboxMobileEvents (1.0.10)
  - MapsIndoors (4.2.2)
  - MapsIndoorsCore (4.2.2):
    - MapsIndoors (= 4.2.2)
  - MapsIndoorsGoogleMaps (4.2.2):
    - GoogleMaps (= 7.4.0)
    - MapsIndoorsCore (= 4.2.2)
  - MapsIndoorsMapbox (4.2.2):
    - MapboxDirections (= 2.10.0)
    - MapboxMaps (= 10.14.0)
    - MapsIndoorsCore (= 4.2.2)
  - Polyline (5.1.0)
  - Turf (2.6.1)

DEPENDENCIES:
  - MapsIndoorsGoogleMaps (= 4.2.2)
  - MapsIndoorsMapbox (= 4.2.2)

SPEC REPOS:
  trunk:
    - GoogleMaps
    - MapboxCommon
    - MapboxCoreMaps
    - MapboxDirections
    - MapboxMaps
    - MapboxMobileEvents
    - MapsIndoors
    - MapsIndoorsCore
    - MapsIndoorsGoogleMaps
    - MapsIndoorsMapbox
    - Polyline
    - Turf

SPEC CHECKSUMS:
  GoogleMaps: 032f676450ba0779bd8ce16840690915f84e57ac
  MapboxCommon: 4a0251dd470ee37e7fadda8e285c01921a5e1eb0
  MapboxCoreMaps: eb07203bbb0b1509395db5ab89cd3ad6c2e3c04c
  MapboxDirections: a620d78a54312c392323ba211df8ae7dd9a28ab4
  MapboxMaps: af50ec61a7eb3b032c3f7962c6bd671d93d2a209
  MapboxMobileEvents: de50b3a4de180dd129c326e09cd12c8adaaa46d6
  MapsIndoors: 2e2cbda5a331a5e63daeb8c5c13f56d6d901535e
  MapsIndoorsCore: ff5b10f37d31a587d6554faedb1504726916d586
  MapsIndoorsGoogleMaps: 3693fd690a25ae0157480b5e1ab3089ce63e021f
  MapsIndoorsMapbox: 3debaded43065e055ee1358464b07478a74e5a8c
  Polyline: 2a1f29f87f8d9b7de868940f4f76deb8c678a5b1
  Turf: 469ce2c3d22e5e8e4818d5a3b254699a5c89efa4

PODFILE CHECKSUM: d947c550969354461e7eff6513ed28d803768a1a

COCOAPODS: 1.12.1
